{
  "name": "instaminsta",
  "lockfileVersion": 2,
  "requires": true,
  "packages": {
    "": {
      "dependencies": {
        "context-filter-polyfill": "^0.2.4"
      }
    },
    "node_modules/context-filter-polyfill": {
      "version": "0.2.4",
      "resolved": "https://registry.npmjs.org/context-filter-polyfill/-/context-filter-polyfill-0.2.4.tgz",
      "integrity": "sha512-LDZ3WiTzo6kIeJM7j8kPSgZf+gbD1cV1GaLyYO8RWvAg25cO3zUo3d2KizO0w9hAezNwz7tTbuWKpPdvLWzKqQ=="
    }
  },
  "dependencies": {
    "context-filter-polyfill": {
      "version": "0.2.4",
      "resolved": "https://registry.npmjs.org/context-filter-polyfill/-/context-filter-polyfill-0.2.4.tgz",
      "integrity": "sha512-LDZ3WiTzo6kIeJM7j8kPSgZf+gbD1cV1GaLyYO8RWvAg25cO3zUo3d2KizO0w9hAezNwz7tTbuWKpPdvLWzKqQ=="
    }
  }
}
